Microsoft Visual Studio Solution File, Format Version 12.00
# Visual Studio Version 17
VisualStudioVersion = 17.10.35013.160
MinimumVisualStudioVersion = 10.0.40219.1
Project("{2150E333-8FDC-42A3-9474-1A3956D46DE8}") = "Solution Items", "Solution Items", "{BC68DC61-70E7-4A5C-B332-5E74B966995D}"
	ProjectSection(SolutionItems) = preProject
		.editorconfig = .editorconfig
		Directory.Build.props = Directory.Build.props
		..\README.md = ..\README.md
		stylecop.json = stylecop.json
	EndProjectSection
EndProject
Project("{FAE04EC0-301F-11D3-BF4B-00C04F79EFBC}") = "TaglierinaPanoramica", "App\TaglierinaPanoramica.csproj", "{0D994F96-2289-4C70-95B2-2B14E916E5CF}"
EndProject
Global
	GlobalSection(SolutionConfigurationPlatforms) = preSolution
		Debug|Any CPU = Debug|Any CPU
		Release|Any CPU = Release|Any CPU
	EndGlobalSection
	GlobalSection(ProjectConfigurationPlatforms) = postSolution
		{0D994F96-2289-4C70-95B2-2B14E916E5CF}.Debug|Any CPU.ActiveCfg = Debug|Any CPU
		{0D994F96-2289-4C70-95B2-2B14E916E5CF}.Debug|Any CPU.Build.0 = Debug|Any CPU
		{0D994F96-2289-4C70-95B2-2B14E916E5CF}.Debug|Any CPU.Deploy.0 = Debug|Any CPU
		{0D994F96-2289-4C70-95B2-2B14E916E5CF}.Release|Any CPU.ActiveCfg = Release|Any CPU
		{0D994F96-2289-4C70-95B2-2B14E916E5CF}.Release|Any CPU.Build.0 = Release|Any CPU
		{0D994F96-2289-4C70-95B2-2B14E916E5CF}.Release|Any CPU.Deploy.0 = Release|Any CPU
	EndGlobalSection
	GlobalSection(SolutionProperties) = preSolution
		HideSolutionNode = FALSE
	EndGlobalSection
	GlobalSection(ExtensibilityGlobals) = postSolution
		SolutionGuid = {47519102-5D50-4A1F-A860-91EC9F71A43D}
	EndGlobalSection
EndGlobal
